
Microsoft Visual Studio Solution File, Format Version 12.00
# Visual Studio Version 16
VisualStudioVersion = 16.0.30413.136
MinimumVisualStudioVersion = 10.0.40219.1
Project("{FAE04EC0-301F-11D3-BF4B-00C04F79EFBC}") = "Phonebook.API", "Phonebook.API\Phonebook.API.csproj", "{069A7B1F-A156-4C8C-ACF8-32672968FE45}"
EndProject
Project("{FAE04EC0-301F-11D3-BF4B-00C04F79EFBC}") = "Phonebook.Data", "Phonebook.Data\Phonebook.Data.csproj", "{E53AD679-8153-43D0-AFF0-4C2DA6B6EBB9}"
EndProject
Global
	GlobalSection(SolutionConfigurationPlatforms) = preSolution
		Debug|Any CPU = Debug|Any CPU
		Release|Any CPU = Release|Any CPU
	EndGlobalSection
	GlobalSection(ProjectConfigurationPlatforms) = postSolution
		{069A7B1F-A156-4C8C-ACF8-32672968FE45}.Debug|Any CPU.ActiveCfg = Debug|Any CPU
		{069A7B1F-A156-4C8C-ACF8-32672968FE45}.Debug|Any CPU.Build.0 = Debug|Any CPU
		{069A7B1F-A156-4C8C-ACF8-32672968FE45}.Release|Any CPU.ActiveCfg = Release|Any CPU
		{069A7B1F-A156-4C8C-ACF8-32672968FE45}.Release|Any CPU.Build.0 = Release|Any CPU
		{E53AD679-8153-43D0-AFF0-4C2DA6B6EBB9}.Debug|Any CPU.ActiveCfg = Debug|Any CPU
		{E53AD679-8153-43D0-AFF0-4C2DA6B6EBB9}.Debug|Any CPU.Build.0 = Debug|Any CPU
		{E53AD679-8153-43D0-AFF0-4C2DA6B6EBB9}.Release|Any CPU.ActiveCfg = Release|Any CPU
		{E53AD679-8153-43D0-AFF0-4C2DA6B6EBB9}.Release|Any CPU.Build.0 = Release|Any CPU
	EndGlobalSection
	GlobalSection(SolutionProperties) = preSolution
		HideSolutionNode = FALSE
	EndGlobalSection
	GlobalSection(ExtensibilityGlobals) = postSolution
		SolutionGuid = {5A0687CA-81C1-420B-AB98-D53C2F745C3B}
	EndGlobalSection
EndGlobal
